annotated-types @ https://files.pythonhosted.org/packages/99/91/8acff4f5e50511b911bbccb72b8628a49c68ce14148cd9f6431094859a90/annotated_types-0.8.0-py3-none-any.whl --hash=sha256:f072f4d804ea359e4eaf198b1af7a8b0943881a87f31bb764f8bf219bb9419e0
anyio @ https://files.pythonhosted.org/packages/12/b8/4bd346e22b28902df4d651910f5242c28d84e4a5c2435ca5c3f797ed7e2e/anyio-4.15.1-py3-none-any.whl --hash=sha256:6152fdbbf9a77fdec97731721bebf7c4c44f7c29b424b0065826173efc7ed101
backoff @ https://files.pythonhosted.org/packages/df/73/b6e24bd22e6720ca8ee9a85a0c4a2971af8497d8f3193fa05390cbd46e09/backoff-2.2.1-py3-none-any.whl --hash=sha256:63579f9a0628e06278f7e47b7d7d5b6ce20dc65c5e96a6f3ca99a6adca0396e8
certifi @ https://files.pythonhosted.org/packages/0b/a7/71ac2cff56fec219ed242bb11b8efb69fcc4bec75db06fb7bfe35de520e6/certifi-2026.7.22-py3-none-any.whl --hash=sha256:62f22742b58a1a33014a2b6b706588a8d7e2a88ae7bd1a6ebe8c992928483775
charset-normalizer @ https://files.pythonhosted.org/packages/0d/35/731ac04aa0a097fc1c97f0994c375bdb230c6c96619db794208fe664e9ce/charset_normalizer-3.5.1-cp311-cp311-manylinux2014_x86_64.manylinux_2_17_x86_64.manylinux_2_28_x86_64.whl --hash=sha256:c7b742bf31c88566b4bb6335a7f393bb322e580b6bb98df7bd0c25e6e3519ce8
distro @ https://files.pythonhosted.org/packages/12/b3/231ffd4ab1fc9d679809f356cebee130ac7daa00d6d6f3206dd4fd137e9e/distro-1.9.0-py3-none-any.whl --hash=sha256:7bffd925d65168f85027d8da9af6bddab658135b840670a223589bc0c8ef02b2
filelock @ https://files.pythonhosted.org/packages/cc/06/4f138f618dbea66803291274f228f01daf29f306fe8b96bc30dab765df75/filelock-3.32.6-py3-none-any.whl --hash=sha256:3f16ecd0117feae0dfc147e8c62eb5daeccd8bd800378c3ddf416de9b4feb6b1
fsspec @ https://files.pythonhosted.org/packages/fd/3c/6a2bf344106328fd04963664a60b9bb6496fc25df8e962fcdc1367285fb9/fsspec-2026.7.0-py3-none-any.whl --hash=sha256:b57ddbafedfaef7018c1ecab32aa200a9d7ca26b77965f64e48b70061249d279
greenlet @ https://files.pythonhosted.org/packages/51/2d/f2c928218ac52f26d7a2c188c171d1b7e728b23782cb3347e7b4fce1493a/greenlet-3.5.5-cp311-cp311-manylinux_2_24_x86_64.manylinux_2_28_x86_64.whl --hash=sha256:74cc6df89ec5302337adc9cf096221cbed2510fd444b0e0f1586cf0470740864
grpcio @ https://files.pythonhosted.org/packages/d6/bf/7f0850aa13d98bb4dd8e7633b6beb639e6fd80a8c0813ad36dec3240f70e/grpcio-1.83.1-cp311-cp311-manylinux2014_x86_64.manylinux_2_17_x86_64.whl --hash=sha256:5cce1d9fe2887239f054dc9c314597e04f33d2e6bd3150a91c4946d7e5be5d98
h11 @ https://files.pythonhosted.org/packages/04/4b/29cac41a4d98d144bf5f6d33995617b185d14b22401f75ca86f384e87ff1/h11-0.16.0-py3-none-any.whl --hash=sha256:63cf8bbe7522de3bf65932fda1d9c2772064ffb3dae62d55932da54b31cb6c86
h2 @ https://files.pythonhosted.org/packages/7e/22/e85faf23bd72a92d1921e37d674ca56eb298a3c8be31fdecef0ff2b3aaac/h2-4.4.1-py3-none-any.whl --hash=sha256:0e25f1462b23c9cb82d9eb02e28bc706dac2a68cb457c6a0d74d63c8a2a5d0e6
hf-xet @ https://files.pythonhosted.org/packages/67/4e/a28359bf1c1ecf11eba22123168c138698f7cb576ac678f5a2e16cd5da08/hf_xet-1.6.0-cp38-abi3-manylinux2014_x86_64.manylinux_2_17_x86_64.whl --hash=sha256:d62671bb130879cef0ee4c9ebe47a14af6c66ec53e6d84dc15936e5ffdfac82f
hpack @ https://files.pythonhosted.org/packages/71/b4/4a9fcfb2aef6ba44d9073ecd301443aa00b3dac95de5619f2a7de7ec8a91/hpack-4.2.0-py3-none-any.whl --hash=sha256:858ac0b02280fa582b5080d68db0899c62a80375e0e5413a74970c5e518b6986
httpcore @ https://files.pythonhosted.org/packages/7e/f5/f66802a942d491edb555dd61e3a9961140fd64c90bce1eafd741609d334d/httpcore-1.0.9-py3-none-any.whl --hash=sha256:2d400746a40668fc9dec9810239072b40b4484b640a8c38fd654a024c7a1bf55
httpcore2 @ https://files.pythonhosted.org/packages/d2/74/d370e55600d9bcfa0d9794b0166126d49291a3d2b20c268fc98c453a4948/httpcore2-2.12.0-py3-none-any.whl --hash=sha256:7e04258ce01013d7d615e5b910a3b27fac937d7a95038227e79652b4ba3b4ceb
httpx @ https://files.pythonhosted.org/packages/2a/39/e50c7c3a983047577ee07d2a9e53faf5a69493943ec3f6a384bdc792deb2/httpx-0.28.1-py3-none-any.whl --hash=sha256:d909fcccc110f8c7faf814ca82a9a4d816bc5a6dbfea25d6591d6985b8ba59ad
httpx2 @ https://files.pythonhosted.org/packages/c8/95/411ba65569158e862368917aaf56597f3e5fa3b91b0502919638465a08f3/httpx2-2.12.0-py3-none-any.whl --hash=sha256:cc8b6eecb8661c146b8f89a60e97456ee086e91a784ed31ac450c3a9e613dd36
huggingface-hub @ https://files.pythonhosted.org/packages/a8/af/48ac8483240de756d2438c380746e7130d1c6f75802ef22f3c6d49982787/huggingface_hub-0.36.2-py3-none-any.whl --hash=sha256:48f0c8eac16145dfce371e9d2d7772854a4f591bcb56c9cf548accf531d54270
hyperframe @ https://files.pythonhosted.org/packages/48/30/47d0bf6072f7252e6521f3447ccfa40b421b6824517f82854703d0f5a98b/hyperframe-6.1.0-py3-none-any.whl --hash=sha256:b03380493a519fce58ea5af42e4a42317bf9bd425596f7a0835ffce80f1a42e5
idna @ https://files.pythonhosted.org/packages/57/b0/0e52c878c53f245edd3a11020f20979b3f490f245af532c7cae3027754b5/idna-3.19-py3-none-any.whl --hash=sha256:815e7be7a7806d54abb586dc943addc79e8b2ee16915059658cbeff4b1b43bf4
jiter @ https://files.pythonhosted.org/packages/40/cd/0fcc3f7d39183674d5bfa9ec640faaeb506c60be7c8f94625dfba366e37c/jiter-0.16.0-cp311-cp311-manylinux_2_17_x86_64.manylinux2014_x86_64.whl --hash=sha256:8597d23c87f59294f83bcb6229b9ed1fccee13dbba967b46930d2f1759466fee
jsonpatch @ https://files.pythonhosted.org/packages/73/07/02e16ed01e04a374e644b575638ec7987ae846d25ad97bcc9945a3ee4b0e/jsonpatch-1.33-py2.py3-none-any.whl --hash=sha256:0ae28c0cd062bbd8b8ecc26d7d164fbbea9652a1a3693f3b956c1eae5145dade
jsonpointer @ https://files.pythonhosted.org/packages/9e/6a/a83720e953b1682d2d109d3c2dbb0bc9bf28cc1cbc205be4ef4be5da709d/jsonpointer-3.1.1-py3-none-any.whl --hash=sha256:8ff8b95779d071ba472cf5bc913028df06031797532f08a7d5b602d8b2a488ca
langchain-core @ https://files.pythonhosted.org/packages/0c/93/ba19ca54701c6118e68f8785949b6c0eab1df3a5cfa5310508cc86877994/langchain_core-0.3.86-py3-none-any.whl --hash=sha256:7d2a1c50d2d2a139dbc6465cd339f32d14aa43db5ac9bd232e5b567a238709e8
langsmith @ https://files.pythonhosted.org/packages/d1/b1/d0c6f84cde25b2443bcdca81f9b30732fc3af602c46f5114fcbe5246b978/langsmith-0.12.4-py3-none-any.whl --hash=sha256:b2edaa49baeec0c7347a84ca0f755039dcff9e9e52f0b9dc26423ec2a98a4dab
mem0ai @ https://files.pythonhosted.org/packages/0c/fa/a2043c5a228077423678d9e7e0fe3aab89ab9a625a4f171a30967de1bbb3/mem0ai-0.1.94-py3-none-any.whl --hash=sha256:862aaccf4ec41d65a5c935dc49c7b8175c96f6b60b29abeda338d8a335027e2c
monotonic @ https://files.pythonhosted.org/packages/9a/67/7e8406a29b6c45be7af7740456f7f37025f0506ae2e05fb9009a53946860/monotonic-1.6-py2.py3-none-any.whl --hash=sha256:68687e19a14f11f26d140dd5c86f3dba4bf5df58003000ed467e0e2a69bca96c
numpy @ https://files.pythonhosted.org/packages/02/03/74fe2a4cb3817d94d86402f2506554130a2f01414e299b5a843e5a8a957f/numpy-2.4.6-cp311-cp311-manylinux_2_27_x86_64.manylinux_2_28_x86_64.whl --hash=sha256:89cd468399cfd2504718f0ba50e410dca55a170b61a02ad92bb18c8a65186e93
openai @ https://files.pythonhosted.org/packages/1d/2a/7dd3d207ec669cacc1f186fd856a0f61dbc255d24f6fdc1a6715d6051b0f/openai-1.109.1-py3-none-any.whl --hash=sha256:6bcaf57086cf59159b8e27447e4e7dd019db5d29a438072fbd49c290c7e65315
orjson @ https://files.pythonhosted.org/packages/5b/e1/15169e9d22b59a406264f99d6db387c0b0b12b6357a8a0169917c2a713eb/orjson-3.12.0-cp311-cp311-manylinux_2_17_x86_64.manylinux2014_x86_64.whl --hash=sha256:9caf3d09f47c3c70c4451ada20ef9bc4a4cdffa26f49862cf0a253b329aae2d5
packaging @ https://files.pythonhosted.org/packages/20/12/38679034af332785aac8774540895e234f4d07f7545804097de4b666afd8/packaging-25.0-py3-none-any.whl --hash=sha256:29572ef2b1f17581046b3a2227d5c611fb25ec70ca1ba8554b24b0e69331a484
portalocker @ https://files.pythonhosted.org/packages/4b/a6/38c8e2f318bf67d338f4d629e93b0b4b9af331f455f0390ea8ce4a099b26/portalocker-3.2.0-py3-none-any.whl --hash=sha256:3cdc5f565312224bc570c49337bd21428bba0ef363bbcf58b9ef4a9f11779968
posthog @ https://files.pythonhosted.org/packages/54/e2/c158366e621562ef224f132e75c1d1c1fce6b078a19f7d8060451a12d4b9/posthog-3.25.0-py2.py3-none-any.whl --hash=sha256:85db78c13d1ecb11aed06fad53759c4e8fb3633442c2f3d0336bc0ce8a585d30
protobuf @ https://files.pythonhosted.org/packages/22/df/c799fe7a05ef16ba853a59db01f3a2c5f7d0676469589ccc4874f76a2a88/protobuf-7.36.1-cp310-abi3-manylinux2014_x86_64.whl --hash=sha256:97198b77e369a0abd8e262b8f6c7266c55ddb796a3a12c76d7b8881188ed83aa
psycopg2-binary @ https://files.pythonhosted.org/packages/91/7e/b8441e831a0f16c159b5381698f9f7f7ed54b77d57bc9c5f99144cc78232/psycopg2_binary-2.9.11-cp311-cp311-manylinux2014_x86_64.manylinux_2_17_x86_64.whl --hash=sha256:2c226ef95eb2250974bf6fa7a842082b31f68385c4f3268370e3f3870e7859ee
pydantic @ https://files.pythonhosted.org/packages/3e/d3/108f2006987c58e76691d5ae5d200dd3e0f532cb4e5fa3560751c3a1feba/pydantic-2.11.9-py3-none-any.whl --hash=sha256:c42dd626f5cfc1c6950ce6205ea58c93efa406da65f479dcb4029d5934857da2
pydantic-core @ https://files.pythonhosted.org/packages/47/bc/cd720e078576bdb8255d5032c5d63ee5c0bf4b7173dd955185a1d658c456/pydantic_core-2.33.2-cp311-cp311-manylinux_2_17_x86_64.manylinux2014_x86_64.whl --hash=sha256:881b21b5549499972441da4758d662aeea93f1923f953e9cbaff14b8b9565aef
python-dateutil @ https://files.pythonhosted.org/packages/ec/57/56b9bcc3c9c6a792fcbaf139543cee77261f3651ca9da0c93f5c1221264b/python_dateutil-2.9.0.post0-py2.py3-none-any.whl --hash=sha256:a8b2bc7bffae282281c8140a97d3aa9c14da0b136dfe83f850eea9a5f7470427
pytz @ https://files.pythonhosted.org/packages/11/c3/005fcca25ce078d2cc29fd559379817424e94885510568bc1bc53d7d5846/pytz-2024.2-py2.py3-none-any.whl --hash=sha256:31c7c1817eb7fae7ca4b8c7ee50c72f93aa2dd863de768e1ef4245d426aa0725
pyyaml @ https://files.pythonhosted.org/packages/71/60/917329f640924b18ff085ab889a11c763e0b573da888e8404ff486657602/pyyaml-6.0.3-cp311-cp311-manylinux2014_x86_64.manylinux_2_17_x86_64.manylinux_2_28_x86_64.whl --hash=sha256:b8bb0864c5a28024fac8a632c443c87c5aa6f215c0b126c449ae1a150412f31d
qdrant-client @ https://files.pythonhosted.org/packages/fc/3c/480c61cc8d5a3e76bb44e86231f408c93643e5498beadbbeb381ab55d02b/qdrant_client-1.19.0-py3-none-any.whl --hash=sha256:13602a2b3478a95ecdf42f97b93d7f703b63a3361cd912a04495a33a5ac14121
regex @ https://files.pythonhosted.org/packages/74/dc/2dd4d56932f55ea412c9808f27a8661f93568bfee596ed04bc57a74e591f/regex-2026.9.10-cp311-cp311-manylinux2014_x86_64.manylinux_2_17_x86_64.manylinux_2_28_x86_64.whl --hash=sha256:0acee94b480dd853e39434aa9a575f95385b1b4b8fa3feae56db363ca5cad782
requests @ https://files.pythonhosted.org/packages/a0/f4/c67b0b3f1b9245e8d266f0f112c500d50e5b4e83cb6f3b71b6528104182a/requests-2.34.2-py3-none-any.whl --hash=sha256:2a0d60c172f83ac6ab31e4554906c0f3b3588d37b5cb939b1c061f4907e278e0
requests-toolbelt @ https://files.pythonhosted.org/packages/3f/51/d4db610ef29373b879047326cbf6fa98b6c1969d6f6dc423279de2b1be2c/requests_toolbelt-1.0.0-py2.py3-none-any.whl --hash=sha256:cccfdd665f0a24fcf4726e690f65639d272bb0637b9b92dfd91a5568ccf6bd06
safetensors @ https://files.pythonhosted.org/packages/28/50/f203ff3a3ddfe19308efc83c5a3a29ed02bf786732ec35e68bf9162f3365/safetensors-0.8.0-cp310-abi3-manylinux_2_17_x86_64.manylinux2014_x86_64.whl --hash=sha256:fd6f3f93c9a0a7cc2788ee63fb763353d4bd2e89b0751bc78fcf7dda00bea774
six @ https://files.pythonhosted.org/packages/b7/ce/149a00dd41f10bc29e5921b496af8b574d8413afcd5e30dfa0ed46c2cc5e/six-1.17.0-py2.py3-none-any.whl --hash=sha256:4721f391ed90541fddacab5acf947aa0d3dc7d27b2e1e8eda2be8970586c3274
sniffio @ https://files.pythonhosted.org/packages/e9/44/75a9c9421471a6c4805dbf2356f7c181a29c1879239abab1ea2cc8f38b40/sniffio-1.3.1-py3-none-any.whl --hash=sha256:2f6da418d1f1e0fddd844478f41680e794e6051915791a034ff65e5f100525a2
sqlalchemy @ https://files.pythonhosted.org/packages/94/2d/fdb9246d9d32518bda5d90f4b65030b9bf403a935cfe4c36a474846517cb/sqlalchemy-2.0.44-cp311-cp311-manylinux_2_17_x86_64.manylinux2014_x86_64.whl --hash=sha256:3cf6872a23601672d61a68f390e44703442639a12ee9dd5a88bbce52a695e46e
tenacity @ https://files.pythonhosted.org/packages/d7/c1/eb8f9debc45d3b7918a32ab756658a0904732f75e555402972246b0b8e71/tenacity-9.1.4-py3-none-any.whl --hash=sha256:6095a360c919085f28c6527de529e76a06ad89b23659fa881ae0649b867a9d55
tiktoken @ https://files.pythonhosted.org/packages/24/65/8c5dddd7cb67f6571d154a58d7c6e2f07da54bf84c49b6a1839965b7c35e/tiktoken-0.14.0-cp311-cp311-manylinux_2_28_x86_64.whl --hash=sha256:f5e7665f6624e052e5e7f6a36919ab69279decdc976d7b16b4fa15e1897d0513
tokenizers @ https://files.pythonhosted.org/packages/2e/76/932be4b50ef6ccedf9d3c6639b056a967a86258c6d9200643f01269211ca/tokenizers-0.22.2-cp39-abi3-manylinux_2_17_x86_64.manylinux2014_x86_64.whl --hash=sha256:369cc9fc8cc10cb24143873a0d95438bb8ee257bb80c71989e3ee290e8d72c67
tqdm @ https://files.pythonhosted.org/packages/f9/1c/01bfd571a64e7f270e6bab5e33777debe0edc56759233ce84f27dec92d14/tqdm-4.70.0-py3-none-any.whl --hash=sha256:7f585706bfddbdebf89daac705b2dfcc16890130727d3197ca62c732b4310953
transformers @ https://files.pythonhosted.org/packages/03/b8/e484ef633af3887baeeb4b6ad12743363af7cce68ae51e938e00aaa0529d/transformers-4.57.6-py3-none-any.whl --hash=sha256:4c9e9de11333ddfe5114bc872c9f370509198acf0b87a832a0ab9458e2bd0550
truststore @ https://files.pythonhosted.org/packages/19/97/56608b2249fe206a67cd573bc93cd9896e1efb9e98bce9c163bcdc704b88/truststore-0.10.4-py3-none-any.whl --hash=sha256:adaeaecf1cbb5f4de3b1959b42d41f6fab57b2b1666adb59e89cb0b53361d981
typing-extensions @ https://files.pythonhosted.org/packages/49/d3/b8441a820a491ddfc024b0b0cf0393375b75ea13866d9c66727e54c2fc80/typing_extensions-4.16.0-py3-none-any.whl --hash=sha256:481caa481374e813c1b176ada14e97f1f67a4539ce9cfeb3f350d78d6370c2e8
typing-inspection @ https://files.pythonhosted.org/packages/67/81/4add07e5172b7ac40d8ed5ff580409a7801a4fe26d529bdd915401dabfbe/typing_inspection-0.4.4-py3-none-any.whl --hash=sha256:65b8397ba37ccbce054456aaccddfc91e6e3083c92824df348d96ca832f3f147
urllib3 @ https://files.pythonhosted.org/packages/7f/3e/5db95bcf282c52709639744ca2a8b149baccf648e39c8cc87553df9eae0c/urllib3-2.7.0-py3-none-any.whl --hash=sha256:9fb4c81ebbb1ce9531cce37674bbc6f1360472bc18ca9a553ede278ef7276897
uuid-utils @ https://files.pythonhosted.org/packages/e6/8d/70d8f78830ca23f40d15f95795a863e7c052f5c1dff2e4a23f51c53dfbdc/uuid_utils-0.17.1-cp311-cp311-manylinux_2_17_x86_64.manylinux2014_x86_64.whl --hash=sha256:3404d50a60ec74642fd590b9d639d98770022f4b1ff8a4055b3c70742c85f096
websockets @ https://files.pythonhosted.org/packages/5c/9a/00ae2e147eaa086fe8bdddd36f57216ce72b9a9dfc0b17c717005ebdacaf/websockets-17.1-cp311-cp311-manylinux1_x86_64.manylinux_2_28_x86_64.manylinux_2_5_x86_64.whl --hash=sha256:0c84bdef916556cbe1d5a43b423398be4dd3cba6522b463e53d848578b920695
xxhash @ https://files.pythonhosted.org/packages/40/ff/e39e1900179ce7f0f23e7000d9fc672471a8d05b6b2dc657cb496c8975d0/xxhash-4.0.1-cp311-cp311-manylinux2014_x86_64.manylinux_2_17_x86_64.manylinux_2_28_x86_64.whl --hash=sha256:101aa300de6ceef3d9c77569706330d8921fc45dd82bceed2084f1e9f2557a24
zstandard @ https://files.pythonhosted.org/packages/bb/1f/e9cfd801a3f9190bf3e759c422bbfd2247db9d7f3d54a56ecde70137791a/zstandard-0.25.0-cp311-cp311-manylinux2014_x86_64.manylinux_2_17_x86_64.whl --hash=sha256:9300d02ea7c6506f00e627e287e0492a5eb0371ec1670ae852fefffa6164b072
